
Microsoft Visual Studio Solution File, Format Version 12.00
# Visual Studio Version 17
VisualStudioVersion = 17.5.002.0
MinimumVisualStudioVersion = 10.0.40219.1
Project("{9A19103F-16F7-4668-BE54-9A1E7A4F7556}") = "SoapApi", "SoapApi.csproj", "{86EAE9EA-8686-4C94-9E14-5F613384BA94}"
EndProject
Global
	GlobalSection(SolutionConfigurationPlatforms) = preSolution
		Debug|Any CPU = Debug|Any CPU
		Release|Any CPU = Release|Any CPU
	EndGlobalSection
	GlobalSection(ProjectConfigurationPlatforms) = postSolution
		{86EAE9EA-8686-4C94-9E14-5F613384BA94}.Debug|Any CPU.ActiveCfg = Debug|Any CPU
		{86EAE9EA-8686-4C94-9E14-5F613384BA94}.Debug|Any CPU.Build.0 = Debug|Any CPU
		{86EAE9EA-8686-4C94-9E14-5F613384BA94}.Release|Any CPU.ActiveCfg = Release|Any CPU
		{86EAE9EA-8686-4C94-9E14-5F613384BA94}.Release|Any CPU.Build.0 = Release|Any CPU
	EndGlobalSection
	GlobalSection(SolutionProperties) = preSolution
		HideSolutionNode = FALSE
	EndGlobalSection
	GlobalSection(ExtensibilityGlobals) = postSolution
		SolutionGuid = {888DF8FB-FE30-46E2-9E78-4783510D1A08}
	EndGlobalSection
EndGlobal
